{
  "lockfileVersion": 1,
  "configVersion": 1,
  "workspaces": {
    "": {
      "name": "@stacksjs/ts-validation",
      "dependencies": {
        "dompurify": "^3.4.2",
      },
      "devDependencies": {
        "better-dx": "^0.2.11",
      },
    },
  },
  "packages": {
    "@types/trusted-types": ["@types/trusted-types@2.0.7", "", {}, "sha512-ScaPdn1dQczgbl0QFTeTOmVHFULt394XJgOQNoyVhZ6r2vLnMLJfBPd53SB52T/3G36VI1/g2MZaX0cwDuXsfw=="],

    "better-dx": ["better-dx@0.2.11", "", { "peerDependencies": { "@stacksjs/bumpx": "^0.2.5", "@stacksjs/bunpress": "^0.1.4", "@stacksjs/clarity": "^0.3.28", "@stacksjs/gitlint": "^0.1.5", "@stacksjs/logsmith": "^0.2.1", "@types/bun": "^1.3.13", "buddy-bot": "^0.9.17", "bun-git-hooks": "^0.3.1", "bun-plugin-dtsx": "^0.9.14", "bunfig": "^0.15.11", "pickier": "^0.1.27", "ts-error-handling": "^0.1.1", "typescript": "^6.0.3" }, "optionalPeers": ["@stacksjs/bumpx", "@stacksjs/bunpress", "@stacksjs/clarity", "@stacksjs/gitlint", "@stacksjs/logsmith", "@types/bun", "buddy-bot", "bun-git-hooks", "bun-plugin-dtsx", "bunfig", "pickier", "ts-error-handling", "typescript"] }, "sha512-0I5Upk9+IC3VFYGmOsw6H/4WBjvw+oTa8pku2FE+YT3oBucGIaJiWR5mdak5t+DIckKL1FoSHA37zng/jtWvjw=="],

    "dompurify": ["dompurify@3.4.2", "", { "optionalDependencies": { "@types/trusted-types": "^2.0.7" } }, "sha512-lHeS9SA/IKeIFFyYciHBr2n0v1VMPlSj843HdLOwjb2OxNwdq9Xykxqhk+FE42MzAdHvInbAolSE4mhahPpjXA=="],
  }
}
